<?xml version="1.0" encoding="UTF-8"?>
<Scheme
   LastUpgradeVersion = "1240"
   version = "1.3">
   <BuildAction
      parallelizeBuildables = "YES"
      buildImplicitDependencies = "YES">
      <BuildActionEntries>
         <BuildActionEntry
            buildForTesting = "YES"
            buildForRunning = "YES"
            buildForProfiling = "YES"
            buildForArchiving = "YES"
            buildForAnalyzing = "YES">
            <BuildableReference
               BuildableIdentifier = "primary"
               BlueprintIdentifier = "BB58988E27A8C77500315709"
               BuildableName = "20220201-SantanuPoddar-NYCSchools.app"
               BlueprintName = "20220201-SantanuPoddar-NYCSchools"
               ReferencedContainer = "container:20220201-SantanuPoddar-NYCSchools.xcodeproj">
            </BuildableReference>
         </BuildActionEntry>
      </BuildActionEntries>
   </BuildAction>
   <TestAction
      buildConfiguration = "Debug"
      selectedDebuggerIdentifier = "Xcode.DebuggerFoundation.Debugger.LLDB"
      selectedLauncherIdentifier = "Xcode.DebuggerFoundation.Launcher.LLDB"
      shouldUseLaunchSchemeArgsEnv = "YES"
      codeCoverageEnabled = "YES">
      <Testables>
         <TestableReference
            skipped = "NO">
            <BuildableReference
               BuildableIdentifier = "primary"
               BlueprintIdentifier = "BB5898A427A8C78400315709"
               BuildableName = "20220201-SantanuPoddar-NYCSchoolsTests.xctest"
               BlueprintName = "20220201-SantanuPoddar-NYCSchoolsTests"
               ReferencedContainer = "container:20220201-SantanuPoddar-NYCSchools.xcodeproj">
            </BuildableReference>
         </TestableReference>
         <TestableReference
            skipped = "NO">
            <BuildableReference
               BuildableIdentifier = "primary"
               BlueprintIdentifier = "BB5898AF27A8C78400315709"
               BuildableName = "20220201-SantanuPoddar-NYCSchoolsUITests.xctest"
               BlueprintName = "20220201-SantanuPoddar-NYCSchoolsUITests"
               ReferencedContainer = "container:20220201-SantanuPoddar-NYCSchools.xcodeproj">
            </BuildableReference>
         </TestableReference>
      </Testables>
   </TestAction>
   <LaunchAction
      buildConfiguration = "Debug"
      selectedDebuggerIdentifier = "Xcode.DebuggerFoundation.Debugger.LLDB"
      selectedLauncherIdentifier = "Xcode.DebuggerFoundation.Launcher.LLDB"
      launchStyle = "0"
      useCustomWorkingDirectory = "NO"
      ignoresPersistentStateOnLaunch = "NO"
      debugDocumentVersioning = "YES"
      debugServiceExtension = "internal"
      allowLocationSimulation = "YES">
      <BuildableProductRunnable
         runnableDebuggingMode = "0">
         <BuildableReference
            BuildableIdentifier = "primary"
            BlueprintIdentifier = "BB58988E27A8C77500315709"
            BuildableName = "20220201-SantanuPoddar-NYCSchools.app"
            BlueprintName = "20220201-SantanuPoddar-NYCSchools"
            ReferencedContainer = "container:20220201-SantanuPoddar-NYCSchools.xcodeproj">
         </BuildableReference>
      </BuildableProductRunnable>
   </LaunchAction>
   <ProfileAction
      buildConfiguration = "Release"
      shouldUseLaunchSchemeArgsEnv = "YES"
      savedToolIdentifier = ""
      useCustomWorkingDirectory = "NO"
      debugDocumentVersioning = "YES">
      <BuildableProductRunnable
         runnableDebuggingMode = "0">
         <BuildableReference
            BuildableIdentifier = "primary"
            BlueprintIdentifier = "BB58988E27A8C77500315709"
            BuildableName = "20220201-SantanuPoddar-NYCSchools.app"
            BlueprintName = "20220201-SantanuPoddar-NYCSchools"
            ReferencedContainer = "container:20220201-SantanuPoddar-NYCSchools.xcodeproj">
         </BuildableReference>
      </BuildableProductRunnable>
   </ProfileAction>
   <AnalyzeAction
      buildConfiguration = "Debug">
   </AnalyzeAction>
   <ArchiveAction
      buildConfiguration = "Release"
      revealArchiveInOrganizer = "YES">
   </ArchiveAction>
</Scheme>
